<?xml version="1.0" encoding="UTF-8"?>
<CodeBlocks_project_file>
	<FileVersion major="1" minor="6"/>
	<Project>
		<Option title="GLFW"/>
		<Option makefile_is_custom="1"/>
		<Option compiler="gcc"/>
		<Option virtualFolders="CMake Files\;CMake Files\ext\;CMake Files\ext\glfw\;CMake Files\ext\glfw\CMake\;CMake Files\ext\glfw\CMake\modules\;CMake Files\ext\glfw\src\;"/>
		<Build>
			<Target title="all">
				<Option working_dir="/home/gps/Desktop/ping_pong/ext/glfw"/>
				<Option type="4"/>
				<MakeCommands>
					<Build command="/usr/bin/make -j4 -f &quot;/home/gps/Desktop/ping_pong/ext/glfw/Makefile&quot;  VERBOSE=1 all"/>
					<CompileFile command="/usr/bin/make -j4 -f &quot;/home/gps/Desktop/ping_pong/ext/glfw/Makefile&quot;  VERBOSE=1 &quot;$file&quot;"/>
					<Clean command="/usr/bin/make -j4 -f &quot;/home/gps/Desktop/ping_pong/ext/glfw/Makefile&quot;  VERBOSE=1 clean"/>
					<DistClean command="/usr/bin/make -j4 -f &quot;/home/gps/Desktop/ping_pong/ext/glfw/Makefile&quot;  VERBOSE=1 clean"/>
				</MakeCommands>
			</Target>
			<Target title="uninstall">
				<Option working_dir="/home/gps/Desktop/ping_pong/ext/glfw"/>
				<Option type="4"/>
				<MakeCommands>
					<Build command="/usr/bin/make -j4 -f &quot;/home/gps/Desktop/ping_pong/ext/glfw/Makefile&quot;  VERBOSE=1 uninstall"/>
					<CompileFile command="/usr/bin/make -j4 -f &quot;/home/gps/Desktop/ping_pong/ext/glfw/Makefile&quot;  VERBOSE=1 &quot;$file&quot;"/>
					<Clean command="/usr/bin/make -j4 -f &quot;/home/gps/Desktop/ping_pong/ext/glfw/Makefile&quot;  VERBOSE=1 clean"/>
					<DistClean command="/usr/bin/make -j4 -f &quot;/home/gps/Desktop/ping_pong/ext/glfw/Makefile&quot;  VERBOSE=1 clean"/>
				</MakeCommands>
			</Target>
			<Target title="glfw">
				<Option output="/home/gps/Desktop/ping_pong/ext/glfw/src/libglfw3.a" prefix_auto="0" extension_auto="0"/>
				<Option working_dir="/home/gps/Desktop/ping_pong/ext/glfw/src"/>
				<Option object_output="./"/>
				<Option type="2"/>
				<Option compiler="gcc"/>
				<Compiler>
					<Add option="-D_GLFW_USE_CONFIG_H"/>
					<Add directory="/home/gps/Desktop/ping_pong/ext/glm"/>
					<Add directory="/home/gps/Desktop/ping_pong/ext/glfw/include"/>
					<Add directory="/home/gps/Desktop/ping_pong/ext/glad/include"/>
					<Add directory="/home/gps/Desktop/ping_pong/ext/imgui"/>
					<Add directory="/home/gps/Desktop/ping_pong/ext/glfw/src"/>
					<Add directory="/usr/include/c++/6"/>
					<Add directory="/usr/include/x86_64-linux-gnu/c++/6"/>
					<Add directory="/usr/include/c++/6/backward"/>
					<Add directory="/usr/lib/gcc/x86_64-linux-gnu/6/include"/>
					<Add directory="/usr/local/include"/>
					<Add directory="/usr/lib/gcc/x86_64-linux-gnu/6/include-fixed"/>
					<Add directory="/usr/include/x86_64-linux-gnu"/>
					<Add directory="/usr/include"/>
				</Compiler>
				<MakeCommands>
					<Build command="/usr/bin/make -j4 -f &quot;/home/gps/Desktop/ping_pong/ext/glfw/src/Makefile&quot;  VERBOSE=1 glfw"/>
					<CompileFile command="/usr/bin/make -j4 -f &quot;/home/gps/Desktop/ping_pong/ext/glfw/src/Makefile&quot;  VERBOSE=1 &quot;$file&quot;"/>
					<Clean command="/usr/bin/make -j4 -f &quot;/home/gps/Desktop/ping_pong/ext/glfw/src/Makefile&quot;  VERBOSE=1 clean"/>
					<DistClean command="/usr/bin/make -j4 -f &quot;/home/gps/Desktop/ping_pong/ext/glfw/src/Makefile&quot;  VERBOSE=1 clean"/>
				</MakeCommands>
			</Target>
			<Target title="glfw/fast">
				<Option output="/home/gps/Desktop/ping_pong/ext/glfw/src/libglfw3.a" prefix_auto="0" extension_auto="0"/>
				<Option working_dir="/home/gps/Desktop/ping_pong/ext/glfw/src"/>
				<Option object_output="./"/>
				<Option type="2"/>
				<Option compiler="gcc"/>
				<Compiler>
					<Add option="-D_GLFW_USE_CONFIG_H"/>
					<Add directory="/home/gps/Desktop/ping_pong/ext/glm"/>
					<Add directory="/home/gps/Desktop/ping_pong/ext/glfw/include"/>
					<Add directory="/home/gps/Desktop/ping_pong/ext/glad/include"/>
					<Add directory="/home/gps/Desktop/ping_pong/ext/imgui"/>
					<Add directory="/home/gps/Desktop/ping_pong/ext/glfw/src"/>
					<Add directory="/usr/include/c++/6"/>
					<Add directory="/usr/include/x86_64-linux-gnu/c++/6"/>
					<Add directory="/usr/include/c++/6/backward"/>
					<Add directory="/usr/lib/gcc/x86_64-linux-gnu/6/include"/>
					<Add directory="/usr/local/include"/>
					<Add directory="/usr/lib/gcc/x86_64-linux-gnu/6/include-fixed"/>
					<Add directory="/usr/include/x86_64-linux-gnu"/>
					<Add directory="/usr/include"/>
				</Compiler>
				<MakeCommands>
					<Build command="/usr/bin/make -j4 -f &quot;/home/gps/Desktop/ping_pong/ext/glfw/src/Makefile&quot;  VERBOSE=1 glfw/fast"/>
					<CompileFile command="/usr/bin/make -j4 -f &quot;/home/gps/Desktop/ping_pong/ext/glfw/src/Makefile&quot;  VERBOSE=1 &quot;$file&quot;"/>
					<Clean command="/usr/bin/make -j4 -f &quot;/home/gps/Desktop/ping_pong/ext/glfw/src/Makefile&quot;  VERBOSE=1 clean"/>
					<DistClean command="/usr/bin/make -j4 -f &quot;/home/gps/Desktop/ping_pong/ext/glfw/src/Makefile&quot;  VERBOSE=1 clean"/>
				</MakeCommands>
			</Target>
		</Build>
		<Unit filename="/home/gps/Desktop/ping_pong/ext/glfw/include/GLFW/glfw3.h">
			<Option target="glfw"/>
		</Unit>
		<Unit filename="/home/gps/Desktop/ping_pong/ext/glfw/include/GLFW/glfw3native.h">
			<Option target="glfw"/>
		</Unit>
		<Unit filename="/home/gps/Desktop/ping_pong/ext/glfw/src/context.c">
			<Option target="glfw"/>
		</Unit>
		<Unit filename="/home/gps/Desktop/ping_pong/ext/glfw/src/egl_context.c">
			<Option target="glfw"/>
		</Unit>
		<Unit filename="/home/gps/Desktop/ping_pong/ext/glfw/src/egl_context.h">
			<Option target="glfw"/>
		</Unit>
		<Unit filename="/home/gps/Desktop/ping_pong/ext/glfw/src/glfw_config.h">
			<Option target="glfw"/>
		</Unit>
		<Unit filename="/home/gps/Desktop/ping_pong/ext/glfw/src/glx_context.c">
			<Option target="glfw"/>
		</Unit>
		<Unit filename="/home/gps/Desktop/ping_pong/ext/glfw/src/glx_context.h">
			<Option target="glfw"/>
		</Unit>
		<Unit filename="/home/gps/Desktop/ping_pong/ext/glfw/src/init.c">
			<Option target="glfw"/>
		</Unit>
		<Unit filename="/home/gps/Desktop/ping_pong/ext/glfw/src/input.c">
			<Option target="glfw"/>
		</Unit>
		<Unit filename="/home/gps/Desktop/ping_pong/ext/glfw/src/internal.h">
			<Option target="glfw"/>
		</Unit>
		<Unit filename="/home/gps/Desktop/ping_pong/ext/glfw/src/linux_joystick.c">
			<Option target="glfw"/>
		</Unit>
		<Unit filename="/home/gps/Desktop/ping_pong/ext/glfw/src/linux_joystick.h">
			<Option target="glfw"/>
		</Unit>
		<Unit filename="/home/gps/Desktop/ping_pong/ext/glfw/src/monitor.c">
			<Option target="glfw"/>
		</Unit>
		<Unit filename="/home/gps/Desktop/ping_pong/ext/glfw/src/osmesa_context.c">
			<Option target="glfw"/>
		</Unit>
		<Unit filename="/home/gps/Desktop/ping_pong/ext/glfw/src/osmesa_context.h">
			<Option target="glfw"/>
		</Unit>
		<Unit filename="/home/gps/Desktop/ping_pong/ext/glfw/src/posix_time.c">
			<Option target="glfw"/>
		</Unit>
		<Unit filename="/home/gps/Desktop/ping_pong/ext/glfw/src/posix_time.h">
			<Option target="glfw"/>
		</Unit>
		<Unit filename="/home/gps/Desktop/ping_pong/ext/glfw/src/posix_tls.c">
			<Option target="glfw"/>
		</Unit>
		<Unit filename="/home/gps/Desktop/ping_pong/ext/glfw/src/posix_tls.h">
			<Option target="glfw"/>
		</Unit>
		<Unit filename="/home/gps/Desktop/ping_pong/ext/glfw/src/vulkan.c">
			<Option target="glfw"/>
		</Unit>
		<Unit filename="/home/gps/Desktop/ping_pong/ext/glfw/src/window.c">
			<Option target="glfw"/>
		</Unit>
		<Unit filename="/home/gps/Desktop/ping_pong/ext/glfw/src/x11_init.c">
			<Option target="glfw"/>
		</Unit>
		<Unit filename="/home/gps/Desktop/ping_pong/ext/glfw/src/x11_monitor.c">
			<Option target="glfw"/>
		</Unit>
		<Unit filename="/home/gps/Desktop/ping_pong/ext/glfw/src/x11_platform.h">
			<Option target="glfw"/>
		</Unit>
		<Unit filename="/home/gps/Desktop/ping_pong/ext/glfw/src/x11_window.c">
			<Option target="glfw"/>
		</Unit>
		<Unit filename="/home/gps/Desktop/ping_pong/ext/glfw/src/xkb_unicode.c">
			<Option target="glfw"/>
		</Unit>
		<Unit filename="/home/gps/Desktop/ping_pong/ext/glfw/src/xkb_unicode.h">
			<Option target="glfw"/>
		</Unit>
		<Unit filename="/home/gps/Desktop/ping_pong/CMakeLists.txt">
			<Option virtualFolder="CMake Files\"/>
		</Unit>
		<Unit filename="/home/gps/Desktop/ping_pong/ext/glfw/CMakeLists.txt">
			<Option virtualFolder="CMake Files\ext\glfw\"/>
		</Unit>
		<Unit filename="/home/gps/Desktop/ping_pong/ext/glfw/cmake_uninstall.cmake.in">
			<Option virtualFolder="CMake Files\ext\glfw\"/>
		</Unit>
		<Unit filename="/home/gps/Desktop/ping_pong/ext/glfw/CMakeLists.txt">
			<Option virtualFolder="CMake Files\ext\glfw\"/>
		</Unit>
		<Unit filename="/home/gps/Desktop/ping_pong/ext/glfw/cmake_uninstall.cmake.in">
			<Option virtualFolder="CMake Files\ext\glfw\"/>
		</Unit>
		<Unit filename="/home/gps/Desktop/ping_pong/ext/glfw/CMake/modules/FindVulkan.cmake">
			<Option virtualFolder="CMake Files\ext\glfw\CMake\modules\"/>
		</Unit>
		<Unit filename="/home/gps/Desktop/ping_pong/ext/glfw/CMake/modules/FindVulkan.cmake">
			<Option virtualFolder="CMake Files\ext\glfw\CMake\modules\"/>
		</Unit>
		<Unit filename="/home/gps/Desktop/ping_pong/ext/glfw/src/glfw3Config.cmake.in">
			<Option virtualFolder="CMake Files\ext\glfw\src\"/>
		</Unit>
		<Unit filename="/home/gps/Desktop/ping_pong/ext/glfw/src/glfw_config.h.in">
			<Option virtualFolder="CMake Files\ext\glfw\src\"/>
		</Unit>
		<Unit filename="/home/gps/Desktop/ping_pong/ext/glfw/src/glfw3.pc.in">
			<Option virtualFolder="CMake Files\ext\glfw\src\"/>
		</Unit>
		<Unit filename="/home/gps/Desktop/ping_pong/ext/glfw/src/CMakeLists.txt">
			<Option virtualFolder="CMake Files\ext\glfw\src\"/>
		</Unit>
		<Unit filename="/home/gps/Desktop/ping_pong/ext/glfw/src/glfw3Config.cmake.in">
			<Option virtualFolder="CMake Files\ext\glfw\src\"/>
		</Unit>
		<Unit filename="/home/gps/Desktop/ping_pong/ext/glfw/src/glfw_config.h.in">
			<Option virtualFolder="CMake Files\ext\glfw\src\"/>
		</Unit>
		<Unit filename="/home/gps/Desktop/ping_pong/ext/glfw/src/glfw3.pc.in">
			<Option virtualFolder="CMake Files\ext\glfw\src\"/>
		</Unit>
		<Unit filename="/home/gps/Desktop/ping_pong/ext/glfw/src/CMakeLists.txt">
			<Option virtualFolder="CMake Files\ext\glfw\src\"/>
		</Unit>
	</Project>
</CodeBlocks_project_file>
